
Microsoft Visual Studio Solution File, Format Version 12.00
# Visual Studio Version 16
VisualStudioVersion = 16.0.31410.357
MinimumVisualStudioVersion = 10.0.40219.1
Project("{FAE04EC0-301F-11D3-BF4B-00C04F79EFBC}") = "crazy-api", "crazy-api\crazy-api.csproj", "{CC979235-058A-4EF0-B394-BEABE9CD29E9}"
EndProject
Global
	GlobalSection(SolutionConfigurationPlatforms) = preSolution
		Debug|Any CPU = Debug|Any CPU
		Release|Any CPU = Release|Any CPU
	EndGlobalSection
	GlobalSection(ProjectConfigurationPlatforms) = postSolution
		{CC979235-058A-4EF0-B394-BEABE9CD29E9}.Debug|Any CPU.ActiveCfg = Debug|Any CPU
		{CC979235-058A-4EF0-B394-BEABE9CD29E9}.Debug|Any CPU.Build.0 = Debug|Any CPU
		{CC979235-058A-4EF0-B394-BEABE9CD29E9}.Release|Any CPU.ActiveCfg = Release|Any CPU
		{CC979235-058A-4EF0-B394-BEABE9CD29E9}.Release|Any CPU.Build.0 = Release|Any CPU
	EndGlobalSection
	GlobalSection(SolutionProperties) = preSolution
		HideSolutionNode = FALSE
	EndGlobalSection
	GlobalSection(ExtensibilityGlobals) = postSolution
		SolutionGuid = {5339746E-AE3B-4711-80FC-5F44DC797FAB}
	EndGlobalSection
EndGlobal
